# This file is automatically @generated by Cargo.
# It is not intended for manual editing.
version = 3

[[package]]
name = "anstyle"
version = "1.0.10"
source = "registry+https://github.com/rust-lang/crates.io-index"
checksum = "55cc3b69f167a1ef2e161439aa98aed94e6028e5f9a59be9a6ffb47aef1651f9"

[[package]]
name = "aoc-utils"
version = "0.5.0"
source = "registry+https://github.com/rust-lang/crates.io-index"
checksum = "82c2b9541a47426cf391b9f261e2d77d1601db4d999031170240cfb3d1417998"
dependencies = [
 "clap",
]

[[package]]
name = "aoc_05"
version = "0.1.0"
dependencies = [
 "aoc-utils",
]

[[package]]
name = "clap"
version = "4.5.22"
source = "registry+https://github.com/rust-lang/crates.io-index"
checksum = "69371e34337c4c984bbe322360c2547210bf632eb2814bbe78a6e87a2935bd2b"
dependencies = [
 "clap_builder",
]

[[package]]
name = "clap_builder"
version = "4.5.22"
source = "registry+https://github.com/rust-lang/crates.io-index"
checksum = "6e24c1b4099818523236a8ca881d2b45db98dadfb4625cf6608c12069fcbbde1"
dependencies = [
 "anstyle",
 "clap_lex",
]

[[package]]
name = "clap_lex"
version = "0.7.3"
source = "registry+https://github.com/rust-lang/crates.io-index"
checksum = "afb84c814227b90d6895e01398aee0d8033c00e7466aca416fb6a8e0eb19d8a7"
